{
	"name": "@geeeger/storage",
	"version": "2.0.5",
	"lockfileVersion": 1,
	"requires": true,
	"dependencies": {
		"@geeeger/is": {
			"version": "2.0.5",
			"resolved": "https://registry.npmjs.org/@geeeger/is/-/is-2.0.5.tgz",
			"integrity": "sha512-G6j6023eR8gyMYWs0EVBxPYPbi/6IR3KIMw5uRntW3o0owwWjr963P6GU+m33O94dU4BFXDSHekxLFLtmiaxZA=="
		},
		"typescript": {
			"version": "4.1.2",
			"resolved": "https://registry.npmjs.org/typescript/-/typescript-4.1.2.tgz",
			"integrity": "sha512-thGloWsGH3SOxv1SoY7QojKi0tc+8FnOmiarEGMbd/lar7QOEd3hvlx3Fp5y6FlDUGl9L+pd4n2e+oToGMmhRQ==",
			"dev": true
		}
	}
}
