{
	"name": "@geeeger/confirm",
	"version": "2.0.0",
	"lockfileVersion": 1,
	"requires": true,
	"dependencies": {
		"@geeeger/random-id": {
			"version": "2.0.4",
			"resolved": "https://registry.npmjs.org/@geeeger/random-id/-/random-id-2.0.4.tgz",
			"integrity": "sha512-DrVbIZZ/4uIzLTR041DPguV/ASvw6s1zFcHNszAb8J+GGMz/3olQGGdtgq2hQThtGI3fTMS24oZGNbsjp98NgA=="
		},
		"typescript": {
			"version": "4.1.2",
			"resolved": "https://registry.npmjs.org/typescript/-/typescript-4.1.2.tgz",
			"integrity": "sha512-thGloWsGH3SOxv1SoY7QojKi0tc+8FnOmiarEGMbd/lar7QOEd3hvlx3Fp5y6FlDUGl9L+pd4n2e+oToGMmhRQ==",
			"dev": true
		}
	}
}
