{
	"name": "@geeeger/confirm",
	"version": "2.0.7",
	"lockfileVersion": 1,
	"requires": true,
	"dependencies": {
		"@geeeger/random-id": {
			"version": "2.0.4",
			"resolved": "https://registry.npm.taobao.org/@geeeger/random-id/download/@geeeger/random-id-2.0.4.tgz",
			"integrity": "sha1-82DNws0c+Lltpsy1Hy+RiMZCeVE="
		}
	}
}
