{
	"name": "@geeeger/alert",
	"version": "2.0.7",
	"lockfileVersion": 1,
	"requires": true,
	"dependencies": {
		"@geeeger/random-id": {
			"version": "2.0.7",
			"resolved": "https://registry.npmjs.org/@geeeger/random-id/-/random-id-2.0.7.tgz",
			"integrity": "sha512-8IO/ejzmbQ/BH+Xlgjrm7+7vz0aIuDyjmSHyDA2nT/iljhCqZ6+jnz1/H7yMmmvzcrxuro78/2P4Vc5fNepNKw=="
		}
	}
}
