{
  "name": "@geeeger/observer",
  "version": "2.0.7",
  "lockfileVersion": 1,
  "requires": true,
  "dependencies": {
    "@geeeger/is": {
      "version": "2.0.7",
      "resolved": "https://registry.npmjs.org/@geeeger/is/-/is-2.0.7.tgz",
      "integrity": "sha512-X+19GE3r2/jMZXollS8i1SorvWxIsWFnEotKnS7LWkC0W4TJPNJQip5OC4uJbAkPpI1OvzRGeDTliDW2cUnwcQ=="
    }
  }
}
