{
	"name": "@geeeger/observer",
	"version": "2.0.0",
	"lockfileVersion": 1,
	"requires": true,
	"dependencies": {
		"@geeeger/is": {
			"version": "2.0.4",
			"resolved": "https://registry.npmjs.org/@geeeger/is/-/is-2.0.4.tgz",
			"integrity": "sha512-hPcbdAYPmyDFNqFynT7XDUnJAgNZurr1NE/AqNV5RioOUp8YPCVfGT5PDzPm3yl3nwsgpJ4mkF0X0vkzpuEN9g=="
		},
		"typescript": {
			"version": "4.0.5",
			"resolved": "https://registry.npmjs.org/typescript/-/typescript-4.0.5.tgz",
			"integrity": "sha512-ywmr/VrTVCmNTJ6iV2LwIrfG1P+lv6luD8sUJs+2eI9NLGigaN+nUQc13iHqisq7bra9lnmUSYqbJvegraBOPQ==",
			"dev": true
		}
	}
}
