{
	"name": "@geeeger/lazyload",
	"version": "2.0.0",
	"lockfileVersion": 1,
	"requires": true,
	"dependencies": {
		"typescript": {
			"version": "4.0.3",
			"resolved": "https://registry.npm.taobao.org/typescript/download/typescript-4.0.3.tgz",
			"integrity": "sha1-FTu9Ro7wdyXB35x36LRT+NNqu6U=",
			"dev": true
		}
	}
}
